
Microsoft Visual Studio Solution File, Format Version 12.00
# Visual Studio Version 17
VisualStudioVersion = 17.13.35919.96 d17.13
MinimumVisualStudioVersion = 10.0.40219.1
Project("{FAE04EC0-301F-11D3-BF4B-00C04F79EFBC}") = "GradeTracker", "GradeTracker.csproj", "{08A4F501-F77A-4045-BA33-9F6F7514D4A3}"
EndProject
Project("{2150E333-8FDC-42A3-9474-1A3956D46DE8}") = "Solution Items", "Solution Items", "{8EC462FD-D22E-90A8-E5CE-7E832BA40C5D}"
EndProject
Global
	GlobalSection(SolutionConfigurationPlatforms) = preSolution
		Debug|Any CPU = Debug|Any CPU
		Release|Any CPU = Release|Any CPU
	EndGlobalSection
	GlobalSection(ProjectConfigurationPlatforms) = postSolution
		{08A4F501-F77A-4045-BA33-9F6F7514D4A3}.Debug|Any CPU.ActiveCfg = Debug|Any CPU
		{08A4F501-F77A-4045-BA33-9F6F7514D4A3}.Debug|Any CPU.Build.0 = Debug|Any CPU
		{08A4F501-F77A-4045-BA33-9F6F7514D4A3}.Release|Any CPU.ActiveCfg = Release|Any CPU
		{08A4F501-F77A-4045-BA33-9F6F7514D4A3}.Release|Any CPU.Build.0 = Release|Any CPU
	EndGlobalSection
	GlobalSection(SolutionProperties) = preSolution
		HideSolutionNode = FALSE
	EndGlobalSection
	GlobalSection(ExtensibilityGlobals) = postSolution
		SolutionGuid = {0BDA3C4B-70C1-46E5-8715-284B9C5F609E}
	EndGlobalSection
EndGlobal
